
Microsoft Visual Studio Solution File, Format Version 12.00
# Visual Studio Version 16
VisualStudioVersion = 16.0.30523.141
MinimumVisualStudioVersion = 10.0.40219.1
Project("{FAE04EC0-301F-11D3-BF4B-00C04F79EFBC}") = "Oskar_Fredriksson_adressbok", "Oskar_Fredriksson_adressbok.csproj", "{4975F000-8CBA-4234-8DD4-146626D1FAB8}"
EndProject
Global
	GlobalSection(SolutionConfigurationPlatforms) = preSolution
		Debug|Any CPU = Debug|Any CPU
		Release|Any CPU = Release|Any CPU
	EndGlobalSection
	GlobalSection(ProjectConfigurationPlatforms) = postSolution
		{4975F000-8CBA-4234-8DD4-146626D1FAB8}.Debug|Any CPU.ActiveCfg = Debug|Any CPU
		{4975F000-8CBA-4234-8DD4-146626D1FAB8}.Debug|Any CPU.Build.0 = Debug|Any CPU
		{4975F000-8CBA-4234-8DD4-146626D1FAB8}.Release|Any CPU.ActiveCfg = Release|Any CPU
		{4975F000-8CBA-4234-8DD4-146626D1FAB8}.Release|Any CPU.Build.0 = Release|Any CPU
	EndGlobalSection
	GlobalSection(SolutionProperties) = preSolution
		HideSolutionNode = FALSE
	EndGlobalSection
	GlobalSection(ExtensibilityGlobals) = postSolution
		SolutionGuid = {BAFE6B93-AE3D-4B7E-B804-0426C58F7AB6}
	EndGlobalSection
EndGlobal
